
Microsoft Visual Studio Solution File, Format Version 12.00
# Visual Studio Version 16
VisualStudioVersion = 16.0.31129.286
MinimumVisualStudioVersion = 10.0.40219.1
Project("{FAE04EC0-301F-11D3-BF4B-00C04F79EFBC}") = "ExcelMail.WindowsService", "Mail.WindowsService\ExcelMail.WindowsService.csproj", "{A993C661-3708-418C-90AA-63EB4BA180E4}"
EndProject
Global
	GlobalSection(SolutionConfigurationPlatforms) = preSolution
		Debug|Any CPU = Debug|Any CPU
		Release|Any CPU = Release|Any CPU
	EndGlobalSection
	GlobalSection(ProjectConfigurationPlatforms) = postSolution
		{A993C661-3708-418C-90AA-63EB4BA180E4}.Debug|Any CPU.ActiveCfg = Debug|Any CPU
		{A993C661-3708-418C-90AA-63EB4BA180E4}.Debug|Any CPU.Build.0 = Debug|Any CPU
		{A993C661-3708-418C-90AA-63EB4BA180E4}.Release|Any CPU.ActiveCfg = Release|Any CPU
		{A993C661-3708-418C-90AA-63EB4BA180E4}.Release|Any CPU.Build.0 = Release|Any CPU
	EndGlobalSection
	GlobalSection(SolutionProperties) = preSolution
		HideSolutionNode = FALSE
	EndGlobalSection
	GlobalSection(ExtensibilityGlobals) = postSolution
		SolutionGuid = {BA4A7025-EF6B-4851-A1BE-A6C272F0EC12}
	EndGlobalSection
EndGlobal
